
Microsoft Visual Studio Solution File, Format Version 12.00
# Visual Studio 14
VisualStudioVersion = 14.0.23107.0
MinimumVisualStudioVersion = 10.0.40219.1
Project("{FAE04EC0-301F-11D3-BF4B-00C04F79EFBC}") = "AdminWeb", "AdminWeb\AdminWeb.csproj", "{ADDF5D08-BF02-4D4D-B547-C416BFEB91E9}"
EndProject
Project("{FAE04EC0-301F-11D3-BF4B-00C04F79EFBC}") = "Logic", "Logic\Logic.csproj", "{4085FE6F-0891-4FFB-AAD1-B54735F46889}"
EndProject
Project("{FAE04EC0-301F-11D3-BF4B-00C04F79EFBC}") = "DataAccess", "DataAccess\DataAccess.csproj", "{33FA7422-B41E-4352-9142-E06114FA70F6}"
EndProject
Project("{FAE04EC0-301F-11D3-BF4B-00C04F79EFBC}") = "Utility", "Utility\Utility.csproj", "{3C424CB1-CD02-4A46-BEED-C07B15CE72A9}"
EndProject
Project("{FAE04EC0-301F-11D3-BF4B-00C04F79EFBC}") = "Entity", "Entity\Entity.csproj", "{B5278E82-3EFB-420D-8F5B-9935E9B102F2}"
EndProject
Project("{FAE04EC0-301F-11D3-BF4B-00C04F79EFBC}") = "ViewModel", "ViewModel\ViewModel.csproj", "{BA0704E0-18FC-4D32-BE5B-41962B562C70}"
EndProject
Project("{FAE04EC0-301F-11D3-BF4B-00C04F79EFBC}") = "OperateForm", "OperateForm\OperateForm.csproj", "{10BDAEEE-1DD5-452C-A723-484887B4895B}"
EndProject
Project("{FAE04EC0-301F-11D3-BF4B-00C04F79EFBC}") = "Wx", "WxToken\Wx.csproj", "{9021B710-526B-4C29-978F-29A72CB162C4}"
EndProject
Project("{FAE04EC0-301F-11D3-BF4B-00C04F79EFBC}") = "AliPaySdk", "alipay-sdk-NET20170615110549\AliPaySdk.csproj", "{9C11CAE5-5188-4E71-825B-68FC3135728A}"
EndProject
Project("{FAE04EC0-301F-11D3-BF4B-00C04F79EFBC}") = "ViewEntity", "ViewEntity\ViewEntity.csproj", "{8DD905FC-2CBF-42CF-A374-E69943C2C945}"
EndProject
Global
	GlobalSection(SolutionConfigurationPlatforms) = preSolution
		Debug|Any CPU = Debug|Any CPU
		Release|Any CPU = Release|Any CPU
	EndGlobalSection
	GlobalSection(ProjectConfigurationPlatforms) = postSolution
		{ADDF5D08-BF02-4D4D-B547-C416BFEB91E9}.Debug|Any CPU.ActiveCfg = Debug|Any CPU
		{ADDF5D08-BF02-4D4D-B547-C416BFEB91E9}.Debug|Any CPU.Build.0 = Debug|Any CPU
		{ADDF5D08-BF02-4D4D-B547-C416BFEB91E9}.Release|Any CPU.ActiveCfg = Release|Any CPU
		{ADDF5D08-BF02-4D4D-B547-C416BFEB91E9}.Release|Any CPU.Build.0 = Release|Any CPU
		{4085FE6F-0891-4FFB-AAD1-B54735F46889}.Debug|Any CPU.ActiveCfg = Debug|Any CPU
		{4085FE6F-0891-4FFB-AAD1-B54735F46889}.Debug|Any CPU.Build.0 = Debug|Any CPU
		{4085FE6F-0891-4FFB-AAD1-B54735F46889}.Release|Any CPU.ActiveCfg = Release|Any CPU
		{4085FE6F-0891-4FFB-AAD1-B54735F46889}.Release|Any CPU.Build.0 = Release|Any CPU
		{33FA7422-B41E-4352-9142-E06114FA70F6}.Debug|Any CPU.ActiveCfg = Debug|Any CPU
		{33FA7422-B41E-4352-9142-E06114FA70F6}.Debug|Any CPU.Build.0 = Debug|Any CPU
		{33FA7422-B41E-4352-9142-E06114FA70F6}.Release|Any CPU.ActiveCfg = Release|Any CPU
		{33FA7422-B41E-4352-9142-E06114FA70F6}.Release|Any CPU.Build.0 = Release|Any CPU
		{3C424CB1-CD02-4A46-BEED-C07B15CE72A9}.Debug|Any CPU.ActiveCfg = Debug|Any CPU
		{3C424CB1-CD02-4A46-BEED-C07B15CE72A9}.Debug|Any CPU.Build.0 = Debug|Any CPU
		{3C424CB1-CD02-4A46-BEED-C07B15CE72A9}.Release|Any CPU.ActiveCfg = Release|Any CPU
		{3C424CB1-CD02-4A46-BEED-C07B15CE72A9}.Release|Any CPU.Build.0 = Release|Any CPU
		{B5278E82-3EFB-420D-8F5B-9935E9B102F2}.Debug|Any CPU.ActiveCfg = Debug|Any CPU
		{B5278E82-3EFB-420D-8F5B-9935E9B102F2}.Debug|Any CPU.Build.0 = Debug|Any CPU
		{B5278E82-3EFB-420D-8F5B-9935E9B102F2}.Release|Any CPU.ActiveCfg = Release|Any CPU
		{B5278E82-3EFB-420D-8F5B-9935E9B102F2}.Release|Any CPU.Build.0 = Release|Any CPU
		{BA0704E0-18FC-4D32-BE5B-41962B562C70}.Debug|Any CPU.ActiveCfg = Debug|Any CPU
		{BA0704E0-18FC-4D32-BE5B-41962B562C70}.Debug|Any CPU.Build.0 = Debug|Any CPU
		{BA0704E0-18FC-4D32-BE5B-41962B562C70}.Release|Any CPU.ActiveCfg = Release|Any CPU
		{BA0704E0-18FC-4D32-BE5B-41962B562C70}.Release|Any CPU.Build.0 = Release|Any CPU
		{10BDAEEE-1DD5-452C-A723-484887B4895B}.Debug|Any CPU.ActiveCfg = Debug|Any CPU
		{10BDAEEE-1DD5-452C-A723-484887B4895B}.Debug|Any CPU.Build.0 = Debug|Any CPU
		{10BDAEEE-1DD5-452C-A723-484887B4895B}.Release|Any CPU.ActiveCfg = Release|Any CPU
		{10BDAEEE-1DD5-452C-A723-484887B4895B}.Release|Any CPU.Build.0 = Release|Any CPU
		{9021B710-526B-4C29-978F-29A72CB162C4}.Debug|Any CPU.ActiveCfg = Debug|Any CPU
		{9021B710-526B-4C29-978F-29A72CB162C4}.Debug|Any CPU.Build.0 = Debug|Any CPU
		{9021B710-526B-4C29-978F-29A72CB162C4}.Release|Any CPU.ActiveCfg = Release|Any CPU
		{9021B710-526B-4C29-978F-29A72CB162C4}.Release|Any CPU.Build.0 = Release|Any CPU
		{9C11CAE5-5188-4E71-825B-68FC3135728A}.Debug|Any CPU.ActiveCfg = Debug|Any CPU
		{9C11CAE5-5188-4E71-825B-68FC3135728A}.Debug|Any CPU.Build.0 = Debug|Any CPU
		{9C11CAE5-5188-4E71-825B-68FC3135728A}.Release|Any CPU.ActiveCfg = Release|Any CPU
		{9C11CAE5-5188-4E71-825B-68FC3135728A}.Release|Any CPU.Build.0 = Release|Any CPU
		{8DD905FC-2CBF-42CF-A374-E69943C2C945}.Debug|Any CPU.ActiveCfg = Debug|Any CPU
		{8DD905FC-2CBF-42CF-A374-E69943C2C945}.Debug|Any CPU.Build.0 = Debug|Any CPU
		{8DD905FC-2CBF-42CF-A374-E69943C2C945}.Release|Any CPU.ActiveCfg = Release|Any CPU
		{8DD905FC-2CBF-42CF-A374-E69943C2C945}.Release|Any CPU.Build.0 = Release|Any CPU
	EndGlobalSection
	GlobalSection(SolutionProperties) = preSolution
		HideSolutionNode = FALSE
	EndGlobalSection
EndGlobal
